
Microsoft Visual Studio Solution File, Format Version 12.00
# Visual Studio Version 17
VisualStudioVersion = 17.6.33712.159
MinimumVisualStudioVersion = 10.0.40219.1
Project("{FAE04EC0-301F-11D3-BF4B-00C04F79EFBC}") = "CompetetionRegistry", "CompetetionRegistry\CompetetionRegistry.csproj", "{305BFC3F-8EC1-4052-AD82-9FE8C17CD8D5}"
EndProject
Global
	GlobalSection(SolutionConfigurationPlatforms) = preSolution
		Debug|Any CPU = Debug|Any CPU
		Release|Any CPU = Release|Any CPU
	EndGlobalSection
	GlobalSection(ProjectConfigurationPlatforms) = postSolution
		{305BFC3F-8EC1-4052-AD82-9FE8C17CD8D5}.Debug|Any CPU.ActiveCfg = Debug|Any CPU
		{305BFC3F-8EC1-4052-AD82-9FE8C17CD8D5}.Debug|Any CPU.Build.0 = Debug|Any CPU
		{305BFC3F-8EC1-4052-AD82-9FE8C17CD8D5}.Release|Any CPU.ActiveCfg = Release|Any CPU
		{305BFC3F-8EC1-4052-AD82-9FE8C17CD8D5}.Release|Any CPU.Build.0 = Release|Any CPU
	EndGlobalSection
	GlobalSection(SolutionProperties) = preSolution
		HideSolutionNode = FALSE
	EndGlobalSection
	GlobalSection(ExtensibilityGlobals) = postSolution
		SolutionGuid = {C8C211CF-3569-48E8-A929-844C88B65B25}
	EndGlobalSection
EndGlobal
